
Microsoft Visual Studio Solution File, Format Version 12.00
# Visual Studio Version 16
VisualStudioVersion = 16.0.29613.14
MinimumVisualStudioVersion = 10.0.40219.1
Project("{FAE04EC0-301F-11D3-BF4B-00C04F79EFBC}") = "FireForget", "FireForget\FireForget.csproj", "{CBAAC6C1-9417-4CE7-90A7-5D8005DA59EF}"
EndProject
Project("{FAE04EC0-301F-11D3-BF4B-00C04F79EFBC}") = "Library Task", "Library Task\Library Task.csproj", "{B08514F0-8A74-4333-AAE0-D7972BBE49E4}"
EndProject
Global
	GlobalSection(SolutionConfigurationPlatforms) = preSolution
		Debug|Any CPU = Debug|Any CPU
		Release|Any CPU = Release|Any CPU
	EndGlobalSection
	GlobalSection(ProjectConfigurationPlatforms) = postSolution
		{CBAAC6C1-9417-4CE7-90A7-5D8005DA59EF}.Debug|Any CPU.ActiveCfg = Debug|Any CPU
		{CBAAC6C1-9417-4CE7-90A7-5D8005DA59EF}.Debug|Any CPU.Build.0 = Debug|Any CPU
		{CBAAC6C1-9417-4CE7-90A7-5D8005DA59EF}.Release|Any CPU.ActiveCfg = Release|Any CPU
		{CBAAC6C1-9417-4CE7-90A7-5D8005DA59EF}.Release|Any CPU.Build.0 = Release|Any CPU
		{B08514F0-8A74-4333-AAE0-D7972BBE49E4}.Debug|Any CPU.ActiveCfg = Debug|Any CPU
		{B08514F0-8A74-4333-AAE0-D7972BBE49E4}.Debug|Any CPU.Build.0 = Debug|Any CPU
		{B08514F0-8A74-4333-AAE0-D7972BBE49E4}.Release|Any CPU.ActiveCfg = Release|Any CPU
		{B08514F0-8A74-4333-AAE0-D7972BBE49E4}.Release|Any CPU.Build.0 = Release|Any CPU
	EndGlobalSection
	GlobalSection(SolutionProperties) = preSolution
		HideSolutionNode = FALSE
	EndGlobalSection
	GlobalSection(ExtensibilityGlobals) = postSolution
		SolutionGuid = {50AC0C1D-4AE4-4638-A418-35FC33B58B6C}
	EndGlobalSection
EndGlobal
